{
  "name": "electron-react-boilerplate",
  "version": "1.3.0",
  "lockfileVersion": 1,
  "requires": true,
  "dependencies": {
    "@types/codemirror": {
      "version": "0.0.98",
      "resolved": "https://registry.npm.taobao.org/@types/codemirror/download/@types/codemirror-0.0.98.tgz?cache=0&sync_timestamp=1599475442284&other_urls=https%3A%2F%2Fregistry.npm.taobao.org%2F%40types%2Fcodemirror%2Fdownload%2F%40types%2Fcodemirror-0.0.98.tgz",
      "integrity": "sha1-s1x6SrH8FoSwik4+tlJAAgVW6/s=",
      "dev": true,
      "requires": {
        "@types/tern": "*"
      }
    },
    "@types/estree": {
      "version": "0.0.45",
      "resolved": "https://registry.npm.taobao.org/@types/estree/download/@types/estree-0.0.45.tgz",
      "integrity": "sha1-6Th1cpmOXs2sIhlQ2rPow7Fq+IQ=",
      "dev": true
    },
    "@types/tern": {
      "version": "0.23.3",
      "resolved": "https://registry.npm.taobao.org/@types/tern/download/@types/tern-0.23.3.tgz?cache=0&sync_timestamp=1596841389208&other_urls=https%3A%2F%2Fregistry.npm.taobao.org%2F%40types%2Ftern%2Fdownload%2F%40types%2Ftern-0.23.3.tgz",
      "integrity": "sha1-S1RTjwSojJ/3neH2+U9XWn8zlGA=",
      "dev": true,
      "requires": {
        "@types/estree": "*"
      }
    }
  }
}
